
Microsoft Visual Studio Solution File, Format Version 12.00
# Visual Studio Version 17
VisualStudioVersion = 17.8.34330.188
MinimumVisualStudioVersion = 10.0.40219.1
Project("{FAE04EC0-301F-11D3-BF4B-00C04F79EFBC}") = "PatternReformatter", "PatternReformatter.csproj", "{4AB10CA1-1593-4E28-8BE8-0E19ED5CBF71}"
EndProject
Project("{54435603-DBB4-11D2-8724-00A0C9A8B90C}") = "PReformatter", "..\PReformatter\PReformatter.vdproj", "{EC78E465-9D39-4E46-8D8F-50888CB1D764}"
EndProject
Global
	GlobalSection(SolutionConfigurationPlatforms) = preSolution
		Debug|Any CPU = Debug|Any CPU
		Release|Any CPU = Release|Any CPU
	EndGlobalSection
	GlobalSection(ProjectConfigurationPlatforms) = postSolution
		{4AB10CA1-1593-4E28-8BE8-0E19ED5CBF71}.Debug|Any CPU.ActiveCfg = Debug|Any CPU
		{4AB10CA1-1593-4E28-8BE8-0E19ED5CBF71}.Debug|Any CPU.Build.0 = Debug|Any CPU
		{4AB10CA1-1593-4E28-8BE8-0E19ED5CBF71}.Release|Any CPU.ActiveCfg = Release|Any CPU
		{4AB10CA1-1593-4E28-8BE8-0E19ED5CBF71}.Release|Any CPU.Build.0 = Release|Any CPU
		{EC78E465-9D39-4E46-8D8F-50888CB1D764}.Debug|Any CPU.ActiveCfg = Debug
		{EC78E465-9D39-4E46-8D8F-50888CB1D764}.Release|Any CPU.ActiveCfg = Release
	EndGlobalSection
	GlobalSection(SolutionProperties) = preSolution
		HideSolutionNode = FALSE
	EndGlobalSection
	GlobalSection(ExtensibilityGlobals) = postSolution
		SolutionGuid = {56FAF789-C56A-42E0-B30A-FDC57CA0709A}
	EndGlobalSection
EndGlobal
